
Microsoft Visual Studio Solution File, Format Version 12.00
# Visual Studio Version 17
VisualStudioVersion = 17.11.35327.3
MinimumVisualStudioVersion = 10.0.40219.1
Project("{FAE04EC0-301F-11D3-BF4B-00C04F79EFBC}") = "Транспортные задачи", "Транспортные задачи\Транспортные задачи.csproj", "{3DBED11C-AF76-4C5D-A3C0-1ACCE47BA4A6}"
EndProject
Global
	GlobalSection(SolutionConfigurationPlatforms) = preSolution
		Debug|Any CPU = Debug|Any CPU
		Release|Any CPU = Release|Any CPU
	EndGlobalSection
	GlobalSection(ProjectConfigurationPlatforms) = postSolution
		{3DBED11C-AF76-4C5D-A3C0-1ACCE47BA4A6}.Debug|Any CPU.ActiveCfg = Debug|Any CPU
		{3DBED11C-AF76-4C5D-A3C0-1ACCE47BA4A6}.Debug|Any CPU.Build.0 = Debug|Any CPU
		{3DBED11C-AF76-4C5D-A3C0-1ACCE47BA4A6}.Release|Any CPU.ActiveCfg = Release|Any CPU
		{3DBED11C-AF76-4C5D-A3C0-1ACCE47BA4A6}.Release|Any CPU.Build.0 = Release|Any CPU
	EndGlobalSection
	GlobalSection(SolutionProperties) = preSolution
		HideSolutionNode = FALSE
	EndGlobalSection
	GlobalSection(ExtensibilityGlobals) = postSolution
		SolutionGuid = {0B63A9D7-FA87-4A36-8A5A-D5048C6411D5}
	EndGlobalSection
EndGlobal
